
Microsoft Visual Studio Solution File, Format Version 12.00
# Visual Studio Version 17
VisualStudioVersion = 17.10.35013.160
MinimumVisualStudioVersion = 10.0.40219.1
Project("{FAE04EC0-301F-11D3-BF4B-00C04F79EFBC}") = "LinqPractice", "LinqPractice\LinqPractice.csproj", "{7F0E7D84-B9EE-407A-994E-DFF661235C3B}"
EndProject
Global
	GlobalSection(SolutionConfigurationPlatforms) = preSolution
		Debug|Any CPU = Debug|Any CPU
		Release|Any CPU = Release|Any CPU
	EndGlobalSection
	GlobalSection(ProjectConfigurationPlatforms) = postSolution
		{7F0E7D84-B9EE-407A-994E-DFF661235C3B}.Debug|Any CPU.ActiveCfg = Debug|Any CPU
		{7F0E7D84-B9EE-407A-994E-DFF661235C3B}.Debug|Any CPU.Build.0 = Debug|Any CPU
		{7F0E7D84-B9EE-407A-994E-DFF661235C3B}.Release|Any CPU.ActiveCfg = Release|Any CPU
		{7F0E7D84-B9EE-407A-994E-DFF661235C3B}.Release|Any CPU.Build.0 = Release|Any CPU
	EndGlobalSection
	GlobalSection(SolutionProperties) = preSolution
		HideSolutionNode = FALSE
	EndGlobalSection
	GlobalSection(ExtensibilityGlobals) = postSolution
		SolutionGuid = {C9CA0508-EFF4-440A-B9C7-6B0A4BAAA1FE}
	EndGlobalSection
EndGlobal
